{
  "nodes": {
    "hardware-quirks": {
      "locked": {
        "lastModified": 1697748412,
        "narHash": "sha256-5VSB63UE/O191cuZiGHbCJ9ipc7cGKB8cHp0cfusuyo=",
        "owner": "NixOS",
        "repo": "nixos-hardware",
        "rev": "72d53d51704295f1645d20384cd13aecc182f624",
        "type": "github"
      },
      "original": {
        "owner": "NixOS",
        "ref": "master",
        "repo": "nixos-hardware",
        "type": "github"
      }
    },
    "home-manager": {
      "inputs": {
        "nixpkgs": [
          "nixpkgs"
        ]
      },
      "locked": {
        "lastModified": 1695108154,
        "narHash": "sha256-gSg7UTVtls2yO9lKtP0yb66XBHT1Fx5qZSZbGMpSn2c=",
        "owner": "nix-community",
        "repo": "home-manager",
        "rev": "07682fff75d41f18327a871088d20af2710d4744",
        "type": "github"
      },
      "original": {
        "owner": "nix-community",
        "ref": "release-23.05",
        "repo": "home-manager",
        "type": "github"
      }
    },
    "nixpkgs": {
      "locked": {
        "lastModified": 1697777081,
        "narHash": "sha256-n2vQARhKevRGyeo+LAa8g+CdUQsdH/caNk8jnylcPhY=",
        "owner": "NixOS",
        "repo": "nixpkgs",
        "rev": "679cadfdfed2b90311a247b2d6ef6dfd3d6cab73",
        "type": "github"
      },
      "original": {
        "owner": "NixOS",
        "ref": "nixos-23.05",
        "repo": "nixpkgs",
        "type": "github"
      }
    },
    "nixpkgs-unstable": {
      "locked": {
        "lastModified": 1697723726,
        "narHash": "sha256-SaTWPkI8a5xSHX/rrKzUe+/uVNy6zCGMXgoeMb7T9rg=",
        "owner": "NixOS",
        "repo": "nixpkgs",
        "rev": "7c9cc5a6e5d38010801741ac830a3f8fd667a7a0",
        "type": "github"
      },
      "original": {
        "owner": "NixOS",
        "ref": "nixos-unstable",
        "repo": "nixpkgs",
        "type": "github"
      }
    },
    "root": {
      "inputs": {
        "hardware-quirks": "hardware-quirks",
        "home-manager": "home-manager",
        "nixpkgs": "nixpkgs",
        "nixpkgs-unstable": "nixpkgs-unstable"
      }
    }
  },
  "root": "root",
  "version": 7
}
